
Microsoft Visual Studio Solution File, Format Version 12.00
# Visual Studio 15
VisualStudioVersion = 15.0.28307.902
MinimumVisualStudioVersion = 10.0.40219.1
Project("{FAE04EC0-301F-11D3-BF4B-00C04F79EFBC}") = "MyApp.Android", "MyApp\MyApp.Android\MyApp.Android.csproj", "{CB3208D6-7F71-4004-9A4E-B3C7DF5BE912}"
EndProject
Project("{FAE04EC0-301F-11D3-BF4B-00C04F79EFBC}") = "MyApp.UWP", "MyApp\MyApp.UWP\MyApp.UWP.csproj", "{D2962626-E3FD-4A1A-AD8F-712C9A41D8E9}"
EndProject
Project("{FAE04EC0-301F-11D3-BF4B-00C04F79EFBC}") = "MyApp", "MyApp\MyApp\MyApp.csproj", "{923193B2-64CC-4DCA-B5FE-2EAC23935474}"
EndProject
Global
	GlobalSection(SolutionConfigurationPlatforms) = preSolution
		Debug|Any CPU = Debug|Any CPU
		Debug|ARM = Debug|ARM
		Debug|x64 = Debug|x64
		Debug|x86 = Debug|x86
		Release|Any CPU = Release|Any CPU
		Release|ARM = Release|ARM
		Release|x64 = Release|x64
		Release|x86 = Release|x86
	EndGlobalSection
	GlobalSection(ProjectConfigurationPlatforms) = postSolution
		{CB3208D6-7F71-4004-9A4E-B3C7DF5BE912}.Debug|Any CPU.ActiveCfg = Debug|Any CPU
		{CB3208D6-7F71-4004-9A4E-B3C7DF5BE912}.Debug|Any CPU.Build.0 = Debug|Any CPU
		{CB3208D6-7F71-4004-9A4E-B3C7DF5BE912}.Debug|Any CPU.Deploy.0 = Debug|Any CPU
		{CB3208D6-7F71-4004-9A4E-B3C7DF5BE912}.Debug|ARM.ActiveCfg = Debug|Any CPU
		{CB3208D6-7F71-4004-9A4E-B3C7DF5BE912}.Debug|ARM.Build.0 = Debug|Any CPU
		{CB3208D6-7F71-4004-9A4E-B3C7DF5BE912}.Debug|ARM.Deploy.0 = Debug|Any CPU
		{CB3208D6-7F71-4004-9A4E-B3C7DF5BE912}.Debug|x64.ActiveCfg = Debug|Any CPU
		{CB3208D6-7F71-4004-9A4E-B3C7DF5BE912}.Debug|x64.Build.0 = Debug|Any CPU
		{CB3208D6-7F71-4004-9A4E-B3C7DF5BE912}.Debug|x64.Deploy.0 = Debug|Any CPU
		{CB3208D6-7F71-4004-9A4E-B3C7DF5BE912}.Debug|x86.ActiveCfg = Debug|Any CPU
		{CB3208D6-7F71-4004-9A4E-B3C7DF5BE912}.Debug|x86.Build.0 = Debug|Any CPU
		{CB3208D6-7F71-4004-9A4E-B3C7DF5BE912}.Debug|x86.Deploy.0 = Debug|Any CPU
		{CB3208D6-7F71-4004-9A4E-B3C7DF5BE912}.Release|Any CPU.ActiveCfg = Release|Any CPU
		{CB3208D6-7F71-4004-9A4E-B3C7DF5BE912}.Release|Any CPU.Build.0 = Release|Any CPU
		{CB3208D6-7F71-4004-9A4E-B3C7DF5BE912}.Release|Any CPU.Deploy.0 = Release|Any CPU
		{CB3208D6-7F71-4004-9A4E-B3C7DF5BE912}.Release|ARM.ActiveCfg = Release|Any CPU
		{CB3208D6-7F71-4004-9A4E-B3C7DF5BE912}.Release|ARM.Build.0 = Release|Any CPU
		{CB3208D6-7F71-4004-9A4E-B3C7DF5BE912}.Release|ARM.Deploy.0 = Release|Any CPU
		{CB3208D6-7F71-4004-9A4E-B3C7DF5BE912}.Release|x64.ActiveCfg = Release|Any CPU
		{CB3208D6-7F71-4004-9A4E-B3C7DF5BE912}.Release|x64.Build.0 = Release|Any CPU
		{CB3208D6-7F71-4004-9A4E-B3C7DF5BE912}.Release|x64.Deploy.0 = Release|Any CPU
		{CB3208D6-7F71-4004-9A4E-B3C7DF5BE912}.Release|x86.ActiveCfg = Release|Any CPU
		{CB3208D6-7F71-4004-9A4E-B3C7DF5BE912}.Release|x86.Build.0 = Release|Any CPU
		{CB3208D6-7F71-4004-9A4E-B3C7DF5BE912}.Release|x86.Deploy.0 = Release|Any CPU
		{D2962626-E3FD-4A1A-AD8F-712C9A41D8E9}.Debug|Any CPU.ActiveCfg = Debug|x86
		{D2962626-E3FD-4A1A-AD8F-712C9A41D8E9}.Debug|Any CPU.Build.0 = Debug|x86
		{D2962626-E3FD-4A1A-AD8F-712C9A41D8E9}.Debug|Any CPU.Deploy.0 = Debug|x86
		{D2962626-E3FD-4A1A-AD8F-712C9A41D8E9}.Debug|ARM.ActiveCfg = Debug|ARM
		{D2962626-E3FD-4A1A-AD8F-712C9A41D8E9}.Debug|ARM.Build.0 = Debug|ARM
		{D2962626-E3FD-4A1A-AD8F-712C9A41D8E9}.Debug|ARM.Deploy.0 = Debug|ARM
		{D2962626-E3FD-4A1A-AD8F-712C9A41D8E9}.Debug|x64.ActiveCfg = Debug|x64
		{D2962626-E3FD-4A1A-AD8F-712C9A41D8E9}.Debug|x64.Build.0 = Debug|x64
		{D2962626-E3FD-4A1A-AD8F-712C9A41D8E9}.Debug|x64.Deploy.0 = Debug|x64
		{D2962626-E3FD-4A1A-AD8F-712C9A41D8E9}.Debug|x86.ActiveCfg = Debug|x86
		{D2962626-E3FD-4A1A-AD8F-712C9A41D8E9}.Debug|x86.Build.0 = Debug|x86
		{D2962626-E3FD-4A1A-AD8F-712C9A41D8E9}.Debug|x86.Deploy.0 = Debug|x86
		{D2962626-E3FD-4A1A-AD8F-712C9A41D8E9}.Release|Any CPU.ActiveCfg = Release|x86
		{D2962626-E3FD-4A1A-AD8F-712C9A41D8E9}.Release|Any CPU.Build.0 = Release|x86
		{D2962626-E3FD-4A1A-AD8F-712C9A41D8E9}.Release|Any CPU.Deploy.0 = Release|x86
		{D2962626-E3FD-4A1A-AD8F-712C9A41D8E9}.Release|ARM.ActiveCfg = Release|ARM
		{D2962626-E3FD-4A1A-AD8F-712C9A41D8E9}.Release|ARM.Build.0 = Release|ARM
		{D2962626-E3FD-4A1A-AD8F-712C9A41D8E9}.Release|ARM.Deploy.0 = Release|ARM
		{D2962626-E3FD-4A1A-AD8F-712C9A41D8E9}.Release|x64.ActiveCfg = Release|x64
		{D2962626-E3FD-4A1A-AD8F-712C9A41D8E9}.Release|x64.Build.0 = Release|x64
		{D2962626-E3FD-4A1A-AD8F-712C9A41D8E9}.Release|x64.Deploy.0 = Release|x64
		{D2962626-E3FD-4A1A-AD8F-712C9A41D8E9}.Release|x86.ActiveCfg = Release|x86
		{D2962626-E3FD-4A1A-AD8F-712C9A41D8E9}.Release|x86.Build.0 = Release|x86
		{D2962626-E3FD-4A1A-AD8F-712C9A41D8E9}.Release|x86.Deploy.0 = Release|x86
		{923193B2-64CC-4DCA-B5FE-2EAC23935474}.Debug|Any CPU.ActiveCfg = Debug|Any CPU
		{923193B2-64CC-4DCA-B5FE-2EAC23935474}.Debug|Any CPU.Build.0 = Debug|Any CPU
		{923193B2-64CC-4DCA-B5FE-2EAC23935474}.Debug|Any CPU.Deploy.0 = Debug|Any CPU
		{923193B2-64CC-4DCA-B5FE-2EAC23935474}.Debug|ARM.ActiveCfg = Debug|Any CPU
		{923193B2-64CC-4DCA-B5FE-2EAC23935474}.Debug|ARM.Build.0 = Debug|Any CPU
		{923193B2-64CC-4DCA-B5FE-2EAC23935474}.Debug|ARM.Deploy.0 = Debug|Any CPU
		{923193B2-64CC-4DCA-B5FE-2EAC23935474}.Debug|x64.ActiveCfg = Debug|Any CPU
		{923193B2-64CC-4DCA-B5FE-2EAC23935474}.Debug|x64.Build.0 = Debug|Any CPU
		{923193B2-64CC-4DCA-B5FE-2EAC23935474}.Debug|x64.Deploy.0 = Debug|Any CPU
		{923193B2-64CC-4DCA-B5FE-2EAC23935474}.Debug|x86.ActiveCfg = Debug|Any CPU
		{923193B2-64CC-4DCA-B5FE-2EAC23935474}.Debug|x86.Build.0 = Debug|Any CPU
		{923193B2-64CC-4DCA-B5FE-2EAC23935474}.Debug|x86.Deploy.0 = Debug|Any CPU
		{923193B2-64CC-4DCA-B5FE-2EAC23935474}.Release|Any CPU.ActiveCfg = Release|Any CPU
		{923193B2-64CC-4DCA-B5FE-2EAC23935474}.Release|Any CPU.Build.0 = Release|Any CPU
		{923193B2-64CC-4DCA-B5FE-2EAC23935474}.Release|Any CPU.Deploy.0 = Release|Any CPU
		{923193B2-64CC-4DCA-B5FE-2EAC23935474}.Release|ARM.ActiveCfg = Release|Any CPU
		{923193B2-64CC-4DCA-B5FE-2EAC23935474}.Release|ARM.Build.0 = Release|Any CPU
		{923193B2-64CC-4DCA-B5FE-2EAC23935474}.Release|ARM.Deploy.0 = Release|Any CPU
		{923193B2-64CC-4DCA-B5FE-2EAC23935474}.Release|x64.ActiveCfg = Release|Any CPU
		{923193B2-64CC-4DCA-B5FE-2EAC23935474}.Release|x64.Build.0 = Release|Any CPU
		{923193B2-64CC-4DCA-B5FE-2EAC23935474}.Release|x64.Deploy.0 = Release|Any CPU
		{923193B2-64CC-4DCA-B5FE-2EAC23935474}.Release|x86.ActiveCfg = Release|Any CPU
		{923193B2-64CC-4DCA-B5FE-2EAC23935474}.Release|x86.Build.0 = Release|Any CPU
		{923193B2-64CC-4DCA-B5FE-2EAC23935474}.Release|x86.Deploy.0 = Release|Any CPU
	EndGlobalSection
	GlobalSection(SolutionProperties) = preSolution
		HideSolutionNode = FALSE
	EndGlobalSection
	GlobalSection(ExtensibilityGlobals) = postSolution
		SolutionGuid = {391A5584-1E29-4238-A5F6-3361D6CE13EA}
	EndGlobalSection
EndGlobal
